
Microsoft Visual Studio Solution File, Format Version 12.00
# Visual Studio Version 17
VisualStudioVersion = 17.0.31903.59
MinimumVisualStudioVersion = 10.0.40219.1
Project("{2150E333-8FDC-42A3-9474-1A3956D46DE8}") = "src", "src", "{12A59917-BD56-498B-8CC2-23F1678DCF3B}"
EndProject
Project("{FAE04EC0-301F-11D3-BF4B-00C04F79EFBC}") = "RefactorScore.Domain", "src\RefactorScore.Domain\RefactorScore.Domain.csproj", "{66DC8FE7-2B18-49C9-B195-F023D47C1904}"
EndProject
Project("{FAE04EC0-301F-11D3-BF4B-00C04F79EFBC}") = "RefactorScore.Application", "src\RefactorScore.Application\RefactorScore.Application.csproj", "{04F87545-D2C2-4FB2-8A99-9C4889D2BEF4}"
EndProject
Project("{FAE04EC0-301F-11D3-BF4B-00C04F79EFBC}") = "RefactorScore.Infrastructure", "src\RefactorScore.Infrastructure\RefactorScore.Infrastructure.csproj", "{E88530E6-0BEF-49FB-A0BC-8FE4D7DCF384}"
EndProject
Project("{FAE04EC0-301F-11D3-BF4B-00C04F79EFBC}") = "RefactorScore.WorkerService", "src\RefactorScore.WorkerService\RefactorScore.WorkerService.csproj", "{A2334240-50AF-4303-9603-09C95487386C}"
EndProject
Project("{2150E333-8FDC-42A3-9474-1A3956D46DE8}") = "tests", "tests", "{8DA184A4-0935-49E0-9F6D-1C62319FD768}"
EndProject
Project("{FAE04EC0-301F-11D3-BF4B-00C04F79EFBC}") = "RefactorScore.Core.Tests", "tests\RefactorScore.Core.Tests\RefactorScore.Core.Tests.csproj", "{6B54373E-0054-4EFF-95D9-FFD6C483589E}"
EndProject
Project("{FAE04EC0-301F-11D3-BF4B-00C04F79EFBC}") = "RefactorScore.Infrastructure.Tests", "tests\RefactorScore.Infrastructure.Tests\RefactorScore.Infrastructure.Tests.csproj", "{7B20F8B0-C2E6-4F39-B169-005BEEEBAFEE}"
EndProject
Project("{FAE04EC0-301F-11D3-BF4B-00C04F79EFBC}") = "RefactorScore.CrossCutting.IoC", "src\RefactorScore.CrossCutting.IoC\RefactorScore.CrossCutting.IoC.csproj", "{4761D734-17F0-40F2-BAE9-7E6577027164}"
EndProject
Global
	GlobalSection(SolutionConfigurationPlatforms) = preSolution
		Debug|Any CPU = Debug|Any CPU
		Release|Any CPU = Release|Any CPU
	EndGlobalSection
	GlobalSection(SolutionProperties) = preSolution
		HideSolutionNode = FALSE
	EndGlobalSection
	GlobalSection(ProjectConfigurationPlatforms) = postSolution
		{66DC8FE7-2B18-49C9-B195-F023D47C1904}.Debug|Any CPU.ActiveCfg = Debug|Any CPU
		{66DC8FE7-2B18-49C9-B195-F023D47C1904}.Debug|Any CPU.Build.0 = Debug|Any CPU
		{66DC8FE7-2B18-49C9-B195-F023D47C1904}.Release|Any CPU.ActiveCfg = Release|Any CPU
		{66DC8FE7-2B18-49C9-B195-F023D47C1904}.Release|Any CPU.Build.0 = Release|Any CPU
		{04F87545-D2C2-4FB2-8A99-9C4889D2BEF4}.Debug|Any CPU.ActiveCfg = Debug|Any CPU
		{04F87545-D2C2-4FB2-8A99-9C4889D2BEF4}.Debug|Any CPU.Build.0 = Debug|Any CPU
		{04F87545-D2C2-4FB2-8A99-9C4889D2BEF4}.Release|Any CPU.ActiveCfg = Release|Any CPU
		{04F87545-D2C2-4FB2-8A99-9C4889D2BEF4}.Release|Any CPU.Build.0 = Release|Any CPU
		{E88530E6-0BEF-49FB-A0BC-8FE4D7DCF384}.Debug|Any CPU.ActiveCfg = Debug|Any CPU
		{E88530E6-0BEF-49FB-A0BC-8FE4D7DCF384}.Debug|Any CPU.Build.0 = Debug|Any CPU
		{E88530E6-0BEF-49FB-A0BC-8FE4D7DCF384}.Release|Any CPU.ActiveCfg = Release|Any CPU
		{E88530E6-0BEF-49FB-A0BC-8FE4D7DCF384}.Release|Any CPU.Build.0 = Release|Any CPU
		{A2334240-50AF-4303-9603-09C95487386C}.Debug|Any CPU.ActiveCfg = Debug|Any CPU
		{A2334240-50AF-4303-9603-09C95487386C}.Debug|Any CPU.Build.0 = Debug|Any CPU
		{A2334240-50AF-4303-9603-09C95487386C}.Release|Any CPU.ActiveCfg = Release|Any CPU
		{A2334240-50AF-4303-9603-09C95487386C}.Release|Any CPU.Build.0 = Release|Any CPU
		{6B54373E-0054-4EFF-95D9-FFD6C483589E}.Debug|Any CPU.ActiveCfg = Debug|Any CPU
		{6B54373E-0054-4EFF-95D9-FFD6C483589E}.Debug|Any CPU.Build.0 = Debug|Any CPU
		{6B54373E-0054-4EFF-95D9-FFD6C483589E}.Release|Any CPU.ActiveCfg = Release|Any CPU
		{6B54373E-0054-4EFF-95D9-FFD6C483589E}.Release|Any CPU.Build.0 = Release|Any CPU
		{7B20F8B0-C2E6-4F39-B169-005BEEEBAFEE}.Debug|Any CPU.ActiveCfg = Debug|Any CPU
		{7B20F8B0-C2E6-4F39-B169-005BEEEBAFEE}.Debug|Any CPU.Build.0 = Debug|Any CPU
		{7B20F8B0-C2E6-4F39-B169-005BEEEBAFEE}.Release|Any CPU.ActiveCfg = Release|Any CPU
		{7B20F8B0-C2E6-4F39-B169-005BEEEBAFEE}.Release|Any CPU.Build.0 = Release|Any CPU
		{4761D734-17F0-40F2-BAE9-7E6577027164}.Debug|Any CPU.ActiveCfg = Debug|Any CPU
		{4761D734-17F0-40F2-BAE9-7E6577027164}.Debug|Any CPU.Build.0 = Debug|Any CPU
		{4761D734-17F0-40F2-BAE9-7E6577027164}.Release|Any CPU.ActiveCfg = Release|Any CPU
		{4761D734-17F0-40F2-BAE9-7E6577027164}.Release|Any CPU.Build.0 = Release|Any CPU
	EndGlobalSection
	GlobalSection(NestedProjects) = preSolution
		{66DC8FE7-2B18-49C9-B195-F023D47C1904} = {12A59917-BD56-498B-8CC2-23F1678DCF3B}
		{04F87545-D2C2-4FB2-8A99-9C4889D2BEF4} = {12A59917-BD56-498B-8CC2-23F1678DCF3B}
		{E88530E6-0BEF-49FB-A0BC-8FE4D7DCF384} = {12A59917-BD56-498B-8CC2-23F1678DCF3B}
		{A2334240-50AF-4303-9603-09C95487386C} = {12A59917-BD56-498B-8CC2-23F1678DCF3B}
		{6B54373E-0054-4EFF-95D9-FFD6C483589E} = {8DA184A4-0935-49E0-9F6D-1C62319FD768}
		{7B20F8B0-C2E6-4F39-B169-005BEEEBAFEE} = {8DA184A4-0935-49E0-9F6D-1C62319FD768}
		{4761D734-17F0-40F2-BAE9-7E6577027164} = {12A59917-BD56-498B-8CC2-23F1678DCF3B}
	EndGlobalSection
EndGlobal
